
Microsoft Visual Studio Solution File, Format Version 12.00
# Visual Studio 2013
VisualStudioVersion = 12.0.31101.0
MinimumVisualStudioVersion = 10.0.40219.1
Project("{FAE04EC0-301F-11D3-BF4B-00C04F79EFBC}") = "Redo", "Redo\Redo.csproj", "{D8FE417E-EEE7-4F6B-921C-C0E504ABA818}"
EndProject
Project("{FAE04EC0-301F-11D3-BF4B-00C04F79EFBC}") = "Redo.Test", "Redo.Test\Redo.Test.csproj", "{F99D72B4-19D0-44BF-95A8-CC1441AF933B}"
EndProject
Project("{2150E333-8FDC-42A3-9474-1A3956D46DE8}") = ".nuget", ".nuget", "{DF5B92E5-FACA-4AFC-8815-DEAAE90E68F2}"
	ProjectSection(SolutionItems) = preProject
		.nuget\packages.config = .nuget\packages.config
	EndProjectSection
EndProject
Global
	GlobalSection(SolutionConfigurationPlatforms) = preSolution
		Debug|Any CPU = Debug|Any CPU
		Release|Any CPU = Release|Any CPU
	EndGlobalSection
	GlobalSection(ProjectConfigurationPlatforms) = postSolution
		{D8FE417E-EEE7-4F6B-921C-C0E504ABA818}.Debug|Any CPU.ActiveCfg = Debug|Any CPU
		{D8FE417E-EEE7-4F6B-921C-C0E504ABA818}.Debug|Any CPU.Build.0 = Debug|Any CPU
		{D8FE417E-EEE7-4F6B-921C-C0E504ABA818}.Release|Any CPU.ActiveCfg = Release|Any CPU
		{D8FE417E-EEE7-4F6B-921C-C0E504ABA818}.Release|Any CPU.Build.0 = Release|Any CPU
		{F99D72B4-19D0-44BF-95A8-CC1441AF933B}.Debug|Any CPU.ActiveCfg = Debug|Any CPU
		{F99D72B4-19D0-44BF-95A8-CC1441AF933B}.Debug|Any CPU.Build.0 = Debug|Any CPU
		{F99D72B4-19D0-44BF-95A8-CC1441AF933B}.Release|Any CPU.ActiveCfg = Release|Any CPU
		{F99D72B4-19D0-44BF-95A8-CC1441AF933B}.Release|Any CPU.Build.0 = Release|Any CPU
	EndGlobalSection
	GlobalSection(SolutionProperties) = preSolution
		HideSolutionNode = FALSE
	EndGlobalSection
EndGlobal
